
Microsoft Visual Studio Solution File, Format Version 12.00
# Visual Studio Version 16
VisualStudioVersion = 16.0.29728.190
MinimumVisualStudioVersion = 10.0.40219.1
Project("{FAE04EC0-301F-11D3-BF4B-00C04F79EFBC}") = "EntityFrameworkCore.MySqlUpdater", "EntityFrameworkCore.MySqlUpdater\EntityFrameworkCore.MySqlUpdater.csproj", "{B869B849-8B1C-4328-9625-249D7F1A7CBF}"
EndProject
Project("{FAE04EC0-301F-11D3-BF4B-00C04F79EFBC}") = "TestProject", "TestProject\TestProject.csproj", "{4C83128F-C11D-4ECC-9406-9FA7BF62ED16}"
EndProject
Global
	GlobalSection(SolutionConfigurationPlatforms) = preSolution
		Debug|Any CPU = Debug|Any CPU
		Release|Any CPU = Release|Any CPU
	EndGlobalSection
	GlobalSection(ProjectConfigurationPlatforms) = postSolution
		{B869B849-8B1C-4328-9625-249D7F1A7CBF}.Debug|Any CPU.ActiveCfg = Debug|Any CPU
		{B869B849-8B1C-4328-9625-249D7F1A7CBF}.Debug|Any CPU.Build.0 = Debug|Any CPU
		{B869B849-8B1C-4328-9625-249D7F1A7CBF}.Release|Any CPU.ActiveCfg = Release|Any CPU
		{B869B849-8B1C-4328-9625-249D7F1A7CBF}.Release|Any CPU.Build.0 = Release|Any CPU
		{4C83128F-C11D-4ECC-9406-9FA7BF62ED16}.Debug|Any CPU.ActiveCfg = Debug|Any CPU
		{4C83128F-C11D-4ECC-9406-9FA7BF62ED16}.Debug|Any CPU.Build.0 = Debug|Any CPU
		{4C83128F-C11D-4ECC-9406-9FA7BF62ED16}.Release|Any CPU.ActiveCfg = Release|Any CPU
		{4C83128F-C11D-4ECC-9406-9FA7BF62ED16}.Release|Any CPU.Build.0 = Release|Any CPU
	EndGlobalSection
	GlobalSection(SolutionProperties) = preSolution
		HideSolutionNode = FALSE
	EndGlobalSection
	GlobalSection(ExtensibilityGlobals) = postSolution
		SolutionGuid = {81E2527A-C659-4A39-871D-526AAFCAAA64}
	EndGlobalSection
EndGlobal
