
Microsoft Visual Studio Solution File, Format Version 12.00
# Visual Studio Version 16
VisualStudioVersion = 16.0.29728.190
MinimumVisualStudioVersion = 10.0.40219.1
Project("{FAE04EC0-301F-11D3-BF4B-00C04F79EFBC}") = "MySQLDBUpdater", "MySQLDBUpdater\MySQLDBUpdater.csproj", "{5566536A-A73E-4C95-9652-C77C34696C4C}"
EndProject
Global
	GlobalSection(SolutionConfigurationPlatforms) = preSolution
		Debug|Any CPU = Debug|Any CPU
		Release|Any CPU = Release|Any CPU
	EndGlobalSection
	GlobalSection(ProjectConfigurationPlatforms) = postSolution
		{5566536A-A73E-4C95-9652-C77C34696C4C}.Debug|Any CPU.ActiveCfg = Debug|Any CPU
		{5566536A-A73E-4C95-9652-C77C34696C4C}.Debug|Any CPU.Build.0 = Debug|Any CPU
		{5566536A-A73E-4C95-9652-C77C34696C4C}.Release|Any CPU.ActiveCfg = Release|Any CPU
		{5566536A-A73E-4C95-9652-C77C34696C4C}.Release|Any CPU.Build.0 = Release|Any CPU
	EndGlobalSection
	GlobalSection(SolutionProperties) = preSolution
		HideSolutionNode = FALSE
	EndGlobalSection
	GlobalSection(ExtensibilityGlobals) = postSolution
		SolutionGuid = {81E2527A-C659-4A39-871D-526AAFCAAA64}
	EndGlobalSection
EndGlobal
